
Microsoft Visual Studio Solution File, Format Version 12.00
# Visual Studio Version 16
VisualStudioVersion = 16.0.30225.117
MinimumVisualStudioVersion = 10.0.40219.1
Project("{FAE04EC0-301F-11D3-BF4B-00C04F79EFBC}") = "WebDataAccessConnectedAssign", "WebDataAccessConnectedAssign\WebDataAccessConnectedAssign.csproj", "{4BF2421B-DB09-47D6-B2B6-F2C65337D857}"
EndProject
Global
	GlobalSection(SolutionConfigurationPlatforms) = preSolution
		Debug|Any CPU = Debug|Any CPU
		Release|Any CPU = Release|Any CPU
	EndGlobalSection
	GlobalSection(ProjectConfigurationPlatforms) = postSolution
		{4BF2421B-DB09-47D6-B2B6-F2C65337D857}.Debug|Any CPU.ActiveCfg = Debug|Any CPU
		{4BF2421B-DB09-47D6-B2B6-F2C65337D857}.Debug|Any CPU.Build.0 = Debug|Any CPU
		{4BF2421B-DB09-47D6-B2B6-F2C65337D857}.Release|Any CPU.ActiveCfg = Release|Any CPU
		{4BF2421B-DB09-47D6-B2B6-F2C65337D857}.Release|Any CPU.Build.0 = Release|Any CPU
	EndGlobalSection
	GlobalSection(SolutionProperties) = preSolution
		HideSolutionNode = FALSE
	EndGlobalSection
	GlobalSection(ExtensibilityGlobals) = postSolution
		SolutionGuid = {545FF902-0F2C-426D-A8CC-DC54C52F9F59}
	EndGlobalSection
EndGlobal
